
Microsoft Visual Studio Solution File, Format Version 12.00
# Visual Studio Version 17
VisualStudioVersion = 17.6.33815.320
MinimumVisualStudioVersion = 10.0.40219.1
Project("{FAE04EC0-301F-11D3-BF4B-00C04F79EFBC}") = "MoneyManager", "MoneyManager\MoneyManager.csproj", "{3F91E108-DD20-4950-BFD6-9CFC1C832425}"
EndProject
Global
	GlobalSection(SolutionConfigurationPlatforms) = preSolution
		Debug|Any CPU = Debug|Any CPU
		Release|Any CPU = Release|Any CPU
	EndGlobalSection
	GlobalSection(ProjectConfigurationPlatforms) = postSolution
		{3F91E108-DD20-4950-BFD6-9CFC1C832425}.Debug|Any CPU.ActiveCfg = Debug|Any CPU
		{3F91E108-DD20-4950-BFD6-9CFC1C832425}.Debug|Any CPU.Build.0 = Debug|Any CPU
		{3F91E108-DD20-4950-BFD6-9CFC1C832425}.Release|Any CPU.ActiveCfg = Release|Any CPU
		{3F91E108-DD20-4950-BFD6-9CFC1C832425}.Release|Any CPU.Build.0 = Release|Any CPU
	EndGlobalSection
	GlobalSection(SolutionProperties) = preSolution
		HideSolutionNode = FALSE
	EndGlobalSection
	GlobalSection(ExtensibilityGlobals) = postSolution
		SolutionGuid = {5005255A-62F2-4873-9B80-5653FB19DFF8}
	EndGlobalSection
EndGlobal
